// !$*UTF8*$!
{
	archiveVersion = 1;
	classes = {
	};
	objectVersion = 56;
	objects = {

/* Begin PBXBuildFile section */
		08588B44298CFE09003E62B7 /* snack_matchingApp.swift in Sources */ = {isa = PBXBuildFile; fileRef = 08588B43298CFE09003E62B7 /* snack_matchingApp.swift */; };
		08588B46298CFE09003E62B7 /* HomeView.swift in Sources */ = {isa = PBXBuildFile; fileRef = 08588B45298CFE09003E62B7 /* HomeView.swift */; };
		08588B48298CFE0B003E62B7 /* Assets.xcassets in Resources */ = {isa = PBXBuildFile; fileRef = 08588B47298CFE0B003E62B7 /* Assets.xcassets */; };
		08588B4B298CFE0B003E62B7 /* Preview Assets.xcassets in Resources */ = {isa = PBXBuildFile; fileRef = 08588B4A298CFE0B003E62B7 /* Preview Assets.xcassets */; };
		0866E5EA298EAE1A0001D03F /* SwipeOkashiView.swift in Sources */ = {isa = PBXBuildFile; fileRef = 0866E5E9298EAE1A0001D03F /* SwipeOkashiView.swift */; };
		0866E5EF298EBC630001D03F /* OkashiViewModel.swift in Sources */ = {isa = PBXBuildFile; fileRef = 0866E5EE298EBC630001D03F /* OkashiViewModel.swift */; };
		0866E5F5298EC44B0001D03F /* CardView.swift in Sources */ = {isa = PBXBuildFile; fileRef = 0866E5F4298EC44B0001D03F /* CardView.swift */; };
		0866E5F7298EC5230001D03F /* BottomControllView.swift in Sources */ = {isa = PBXBuildFile; fileRef = 0866E5F6298EC5230001D03F /* BottomControllView.swift */; };
		0866E5F9298EC78D0001D03F /* TopControllView.swift in Sources */ = {isa = PBXBuildFile; fileRef = 0866E5F8298EC78D0001D03F /* TopControllView.swift */; };
		0866E5FB298F73C40001D03F /* SwipeController.swift in Sources */ = {isa = PBXBuildFile; fileRef = 0866E5FA298F73C40001D03F /* SwipeController.swift */; };
		089DA938298FB1AC0043E603 /* DetailView.swift in Sources */ = {isa = PBXBuildFile; fileRef = 089DA937298FB1AC0043E603 /* DetailView.swift */; };
/* End PBXBuildFile section */

/* Begin PBXFileReference section */
		08588B40298CFE09003E62B7 /* snack-matching.app */ = {isa = PBXFileReference; explicitFileType = wrapper.application; includeInIndex = 0; path = "snack-matching.app"; sourceTree = BUILT_PRODUCTS_DIR; };
		08588B43298CFE09003E62B7 /* snack_matchingApp.swift */ = {isa = PBXFileReference; lastKnownFileType = sourcecode.swift; path = snack_matchingApp.swift; sourceTree = "<group>"; };
		08588B45298CFE09003E62B7 /* HomeView.swift */ = {isa = PBXFileReference; lastKnownFileType = sourcecode.swift; path = HomeView.swift; sourceTree = "<group>"; };
		08588B47298CFE0B003E62B7 /* Assets.xcassets */ = {isa = PBXFileReference; lastKnownFileType = folder.assetcatalog; path = Assets.xcassets; sourceTree = "<group>"; };
		08588B4A298CFE0B003E62B7 /* Preview Assets.xcassets */ = {isa = PBXFileReference; lastKnownFileType = folder.assetcatalog; path = "Preview Assets.xcassets"; sourceTree = "<group>"; };
		0866E5E9298EAE1A0001D03F /* SwipeOkashiView.swift */ = {isa = PBXFileReference; lastKnownFileType = sourcecode.swift; path = SwipeOkashiView.swift; sourceTree = "<group>"; };
		0866E5EE298EBC630001D03F /* OkashiViewModel.swift */ = {isa = PBXFileReference; lastKnownFileType = sourcecode.swift; path = OkashiViewModel.swift; sourceTree = "<group>"; };
		0866E5F4298EC44B0001D03F /* CardView.swift */ = {isa = PBXFileReference; lastKnownFileType = sourcecode.swift; path = CardView.swift; sourceTree = "<group>"; };
		0866E5F6298EC5230001D03F /* BottomControllView.swift */ = {isa = PBXFileReference; lastKnownFileType = sourcecode.swift; path = BottomControllView.swift; sourceTree = "<group>"; };
		0866E5F8298EC78D0001D03F /* TopControllView.swift */ = {isa = PBXFileReference; lastKnownFileType = sourcecode.swift; path = TopControllView.swift; sourceTree = "<group>"; };
		0866E5FA298F73C40001D03F /* SwipeController.swift */ = {isa = PBXFileReference; lastKnownFileType = sourcecode.swift; path = SwipeController.swift; sourceTree = "<group>"; };
		089DA937298FB1AC0043E603 /* DetailView.swift */ = {isa = PBXFileReference; lastKnownFileType = sourcecode.swift; path = DetailView.swift; sourceTree = "<group>"; };
/* End PBXFileReference section */

/* Begin PBXFrameworksBuildPhase section */
		08588B3D298CFE09003E62B7 /* Frameworks */ = {
			isa = PBXFrameworksBuildPhase;
			buildActionMask = 2147483647;
			files = (
			);
			runOnlyForDeploymentPostprocessing = 0;
		};
/* End PBXFrameworksBuildPhase section */

/* Begin PBXGroup section */
		08588B37298CFE09003E62B7 = {
			isa = PBXGroup;
			children = (
				08588B42298CFE09003E62B7 /* snack-matching */,
				08588B41298CFE09003E62B7 /* Products */,
			);
			sourceTree = "<group>";
		};
		08588B41298CFE09003E62B7 /* Products */ = {
			isa = PBXGroup;
			children = (
				08588B40298CFE09003E62B7 /* snack-matching.app */,
			);
			name = Products;
			sourceTree = "<group>";
		};
		08588B42298CFE09003E62B7 /* snack-matching */ = {
			isa = PBXGroup;
			children = (
				08588B43298CFE09003E62B7 /* snack_matchingApp.swift */,
				0866E5ED298EBC300001D03F /* ViewModels */,
				0866E5E8298E8DDA0001D03F /* Views */,
				08588B47298CFE0B003E62B7 /* Assets.xcassets */,
				08588B49298CFE0B003E62B7 /* Preview Content */,
			);
			path = "snack-matching";
			sourceTree = "<group>";
		};
		08588B49298CFE0B003E62B7 /* Preview Content */ = {
			isa = PBXGroup;
			children = (
				08588B4A298CFE0B003E62B7 /* Preview Assets.xcassets */,
			);
			path = "Preview Content";
			sourceTree = "<group>";
		};
		0866E5E8298E8DDA0001D03F /* Views */ = {
			isa = PBXGroup;
			children = (
				0866E5F0298EC3CD0001D03F /* Components */,
				08588B45298CFE09003E62B7 /* HomeView.swift */,
				0866E5E9298EAE1A0001D03F /* SwipeOkashiView.swift */,
			);
			path = Views;
			sourceTree = "<group>";
		};
		0866E5ED298EBC300001D03F /* ViewModels */ = {
			isa = PBXGroup;
			children = (
				0866E5EE298EBC630001D03F /* OkashiViewModel.swift */,
			);
			path = ViewModels;
			sourceTree = "<group>";
		};
		0866E5F0298EC3CD0001D03F /* Components */ = {
			isa = PBXGroup;
			children = (
				089DA936298FB16E0043E603 /* Detail */,
				0866E5F3298EC42A0001D03F /* Common */,
				0866E5F2298EC40B0001D03F /* Swipe */,
			);
			path = Components;
			sourceTree = "<group>";
		};
		0866E5F2298EC40B0001D03F /* Swipe */ = {
			isa = PBXGroup;
			children = (
				0866E5F4298EC44B0001D03F /* CardView.swift */,
				0866E5F6298EC5230001D03F /* BottomControllView.swift */,
				0866E5FA298F73C40001D03F /* SwipeController.swift */,
			);
			path = Swipe;
			sourceTree = "<group>";
		};
		0866E5F3298EC42A0001D03F /* Common */ = {
			isa = PBXGroup;
			children = (
				0866E5F8298EC78D0001D03F /* TopControllView.swift */,
			);
			path = Common;
			sourceTree = "<group>";
		};
		089DA936298FB16E0043E603 /* Detail */ = {
			isa = PBXGroup;
			children = (
				089DA937298FB1AC0043E603 /* DetailView.swift */,
			);
			path = Detail;
			sourceTree = "<group>";
		};
/* End PBXGroup section */

/* Begin PBXNativeTarget section */
		08588B3F298CFE09003E62B7 /* snack-matching */ = {
			isa = PBXNativeTarget;
			buildConfigurationList = 08588B4E298CFE0B003E62B7 /* Build configuration list for PBXNativeTarget "snack-matching" */;
			buildPhases = (
				08588B3C298CFE09003E62B7 /* Sources */,
				08588B3D298CFE09003E62B7 /* Frameworks */,
				08588B3E298CFE09003E62B7 /* Resources */,
			);
			buildRules = (
			);
			dependencies = (
			);
			name = "snack-matching";
			productName = "snack-matching";
			productReference = 08588B40298CFE09003E62B7 /* snack-matching.app */;
			productType = "com.apple.product-type.application";
		};
/* End PBXNativeTarget section */

/* Begin PBXProject section */
		08588B38298CFE09003E62B7 /* Project object */ = {
			isa = PBXProject;
			attributes = {
				BuildIndependentTargetsInParallel = 1;
				LastSwiftUpdateCheck = 1420;
				LastUpgradeCheck = 1420;
				TargetAttributes = {
					08588B3F298CFE09003E62B7 = {
						CreatedOnToolsVersion = 14.2;
					};
				};
			};
			buildConfigurationList = 08588B3B298CFE09003E62B7 /* Build configuration list for PBXProject "snack-matching" */;
			compatibilityVersion = "Xcode 14.0";
			developmentRegion = en;
			hasScannedForEncodings = 0;
			knownRegions = (
				en,
				Base,
			);
			mainGroup = 08588B37298CFE09003E62B7;
			productRefGroup = 08588B41298CFE09003E62B7 /* Products */;
			projectDirPath = "";
			projectRoot = "";
			targets = (
				08588B3F298CFE09003E62B7 /* snack-matching */,
			);
		};
/* End PBXProject section */

/* Begin PBXResourcesBuildPhase section */
		08588B3E298CFE09003E62B7 /* Resources */ = {
			isa = PBXResourcesBuildPhase;
			buildActionMask = 2147483647;
			files = (
				08588B4B298CFE0B003E62B7 /* Preview Assets.xcassets in Resources */,
				08588B48298CFE0B003E62B7 /* Assets.xcassets in Resources */,
			);
			runOnlyForDeploymentPostprocessing = 0;
		};
/* End PBXResourcesBuildPhase section */

/* Begin PBXSourcesBuildPhase section */
		08588B3C298CFE09003E62B7 /* Sources */ = {
			isa = PBXSourcesBuildPhase;
			buildActionMask = 2147483647;
			files = (
				0866E5EA298EAE1A0001D03F /* SwipeOkashiView.swift in Sources */,
				089DA938298FB1AC0043E603 /* DetailView.swift in Sources */,
				08588B46298CFE09003E62B7 /* HomeView.swift in Sources */,
				08588B44298CFE09003E62B7 /* snack_matchingApp.swift in Sources */,
				0866E5EF298EBC630001D03F /* OkashiViewModel.swift in Sources */,
				0866E5FB298F73C40001D03F /* SwipeController.swift in Sources */,
				0866E5F7298EC5230001D03F /* BottomControllView.swift in Sources */,
				0866E5F5298EC44B0001D03F /* CardView.swift in Sources */,
				0866E5F9298EC78D0001D03F /* TopControllView.swift in Sources */,
			);
			runOnlyForDeploymentPostprocessing = 0;
		};
/* End PBXSourcesBuildPhase section */

/* Begin XCBuildConfiguration section */
		08588B4C298CFE0B003E62B7 /* Debug */ = {
			isa = XCBuildConfiguration;
			buildSettings = {
				ALWAYS_SEARCH_USER_PATHS = NO;
				CLANG_ANALYZER_NONNULL = YES;
				CLANG_ANALYZER_NUMBER_OBJECT_CONVERSION = YES_AGGRESSIVE;
				CLANG_CXX_LANGUAGE_STANDARD = "gnu++20";
				CLANG_ENABLE_MODULES = YES;
				CLANG_ENABLE_OBJC_ARC = YES;
				CLANG_ENABLE_OBJC_WEAK = YES;
				CLANG_WARN_BLOCK_CAPTURE_AUTORELEASING = YES;
				CLANG_WARN_BOOL_CONVERSION = YES;
				CLANG_WARN_COMMA = YES;
				CLANG_WARN_CONSTANT_CONVERSION = YES;
				CLANG_WARN_DEPRECATED_OBJC_IMPLEMENTATIONS = YES;
				CLANG_WARN_DIRECT_OBJC_ISA_USAGE = YES_ERROR;
				CLANG_WARN_DOCUMENTATION_COMMENTS = YES;
				CLANG_WARN_EMPTY_BODY = YES;
				CLANG_WARN_ENUM_CONVERSION = YES;
				CLANG_WARN_INFINITE_RECURSION = YES;
				CLANG_WARN_INT_CONVERSION = YES;
				CLANG_WARN_NON_LITERAL_NULL_CONVERSION = YES;
				CLANG_WARN_OBJC_IMPLICIT_RETAIN_SELF = YES;
				CLANG_WARN_OBJC_LITERAL_CONVERSION = YES;
				CLANG_WARN_OBJC_ROOT_CLASS = YES_ERROR;
				CLANG_WARN_QUOTED_INCLUDE_IN_FRAMEWORK_HEADER = YES;
				CLANG_WARN_RANGE_LOOP_ANALYSIS = YES;
				CLANG_WARN_STRICT_PROTOTYPES = YES;
				CLANG_WARN_SUSPICIOUS_MOVE = YES;
				CLANG_WARN_UNGUARDED_AVAILABILITY = YES_AGGRESSIVE;
				CLANG_WARN_UNREACHABLE_CODE = YES;
				CLANG_WARN__DUPLICATE_METHOD_MATCH = YES;
				COPY_PHASE_STRIP = NO;
				DEBUG_INFORMATION_FORMAT = dwarf;
				ENABLE_STRICT_OBJC_MSGSEND = YES;
				ENABLE_TESTABILITY = YES;
				GCC_C_LANGUAGE_STANDARD = gnu11;
				GCC_DYNAMIC_NO_PIC = NO;
				GCC_NO_COMMON_BLOCKS = YES;
				GCC_OPTIMIZATION_LEVEL = 0;
				GCC_PREPROCESSOR_DEFINITIONS = (
					"DEBUG=1",
					"$(inherited)",
				);
				GCC_WARN_64_TO_32_BIT_CONVERSION = YES;
				GCC_WARN_ABOUT_RETURN_TYPE = YES_ERROR;
				GCC_WARN_UNDECLARED_SELECTOR = YES;
				GCC_WARN_UNINITIALIZED_AUTOS = YES_AGGRESSIVE;
				GCC_WARN_UNUSED_FUNCTION = YES;
				GCC_WARN_UNUSED_VARIABLE = YES;
				IPHONEOS_DEPLOYMENT_TARGET = 16.2;
				MTL_ENABLE_DEBUG_INFO = INCLUDE_SOURCE;
				MTL_FAST_MATH = YES;
				ONLY_ACTIVE_ARCH = YES;
				SDKROOT = iphoneos;
				SWIFT_ACTIVE_COMPILATION_CONDITIONS = DEBUG;
				SWIFT_OPTIMIZATION_LEVEL = "-Onone";
			};
			name = Debug;
		};
		08588B4D298CFE0B003E62B7 /* Release */ = {
			isa = XCBuildConfiguration;
			buildSettings = {
				ALWAYS_SEARCH_USER_PATHS = NO;
				CLANG_ANALYZER_NONNULL = YES;
				CLANG_ANALYZER_NUMBER_OBJECT_CONVERSION = YES_AGGRESSIVE;
				CLANG_CXX_LANGUAGE_STANDARD = "gnu++20";
				CLANG_ENABLE_MODULES = YES;
				CLANG_ENABLE_OBJC_ARC = YES;
				CLANG_ENABLE_OBJC_WEAK = YES;
				CLANG_WARN_BLOCK_CAPTURE_AUTORELEASING = YES;
				CLANG_WARN_BOOL_CONVERSION = YES;
				CLANG_WARN_COMMA = YES;
				CLANG_WARN_CONSTANT_CONVERSION = YES;
				CLANG_WARN_DEPRECATED_OBJC_IMPLEMENTATIONS = YES;
				CLANG_WARN_DIRECT_OBJC_ISA_USAGE = YES_ERROR;
				CLANG_WARN_DOCUMENTATION_COMMENTS = YES;
				CLANG_WARN_EMPTY_BODY = YES;
				CLANG_WARN_ENUM_CONVERSION = YES;
				CLANG_WARN_INFINITE_RECURSION = YES;
				CLANG_WARN_INT_CONVERSION = YES;
				CLANG_WARN_NON_LITERAL_NULL_CONVERSION = YES;
				CLANG_WARN_OBJC_IMPLICIT_RETAIN_SELF = YES;
				CLANG_WARN_OBJC_LITERAL_CONVERSION = YES;
				CLANG_WARN_OBJC_ROOT_CLASS = YES_ERROR;
				CLANG_WARN_QUOTED_INCLUDE_IN_FRAMEWORK_HEADER = YES;
				CLANG_WARN_RANGE_LOOP_ANALYSIS = YES;
				CLANG_WARN_STRICT_PROTOTYPES = YES;
				CLANG_WARN_SUSPICIOUS_MOVE = YES;
				CLANG_WARN_UNGUARDED_AVAILABILITY = YES_AGGRESSIVE;
				CLANG_WARN_UNREACHABLE_CODE = YES;
				CLANG_WARN__DUPLICATE_METHOD_MATCH = YES;
				COPY_PHASE_STRIP = NO;
				DEBUG_INFORMATION_FORMAT = "dwarf-with-dsym";
				ENABLE_NS_ASSERTIONS = NO;
				ENABLE_STRICT_OBJC_MSGSEND = YES;
				GCC_C_LANGUAGE_STANDARD = gnu11;
				GCC_NO_COMMON_BLOCKS = YES;
				GCC_WARN_64_TO_32_BIT_CONVERSION = YES;
				GCC_WARN_ABOUT_RETURN_TYPE = YES_ERROR;
				GCC_WARN_UNDECLARED_SELECTOR = YES;
				GCC_WARN_UNINITIALIZED_AUTOS = YES_AGGRESSIVE;
				GCC_WARN_UNUSED_FUNCTION = YES;
				GCC_WARN_UNUSED_VARIABLE = YES;
				IPHONEOS_DEPLOYMENT_TARGET = 16.2;
				MTL_ENABLE_DEBUG_INFO = NO;
				MTL_FAST_MATH = YES;
				SDKROOT = iphoneos;
				SWIFT_COMPILATION_MODE = wholemodule;
				SWIFT_OPTIMIZATION_LEVEL = "-O";
				VALIDATE_PRODUCT = YES;
			};
			name = Release;
		};
		08588B4F298CFE0B003E62B7 /* Debug */ = {
			isa = XCBuildConfiguration;
			buildSettings = {
				ASSETCATALOG_COMPILER_APPICON_NAME = AppIcon;
				ASSETCATALOG_COMPILER_GLOBAL_ACCENT_COLOR_NAME = AccentColor;
				CODE_SIGN_STYLE = Automatic;
				CURRENT_PROJECT_VERSION = 1;
				DEVELOPMENT_ASSET_PATHS = "\"snack-matching/Preview Content\"";
				DEVELOPMENT_TEAM = 9UV8DWMP99;
				ENABLE_PREVIEWS = YES;
				GENERATE_INFOPLIST_FILE = YES;
				INFOPLIST_KEY_UIApplicationSceneManifest_Generation = YES;
				INFOPLIST_KEY_UIApplicationSupportsIndirectInputEvents = YES;
				INFOPLIST_KEY_UILaunchScreen_Generation = YES;
				INFOPLIST_KEY_UISupportedInterfaceOrientations_iPad = "UIInterfaceOrientationPortrait UIInterfaceOrientationPortraitUpsideDown UIInterfaceOrientationLandscapeLeft UIInterfaceOrientationLandscapeRight";
				INFOPLIST_KEY_UISupportedInterfaceOrientations_iPhone = "UIInterfaceOrientationPortrait UIInterfaceOrientationLandscapeLeft UIInterfaceOrientationLandscapeRight";
				IPHONEOS_DEPLOYMENT_TARGET = 16.1;
				LD_RUNPATH_SEARCH_PATHS = (
					"$(inherited)",
					"@executable_path/Frameworks",
				);
				MARKETING_VERSION = 1.0;
				PRODUCT_BUNDLE_IDENTIFIER = "com.akito.snack-matching";
				PRODUCT_NAME = "$(TARGET_NAME)";
				SWIFT_EMIT_LOC_STRINGS = YES;
				SWIFT_VERSION = 5.0;
				TARGETED_DEVICE_FAMILY = "1,2";
			};
			name = Debug;
		};
		08588B50298CFE0B003E62B7 /* Release */ = {
			isa = XCBuildConfiguration;
			buildSettings = {
				ASSETCATALOG_COMPILER_APPICON_NAME = AppIcon;
				ASSETCATALOG_COMPILER_GLOBAL_ACCENT_COLOR_NAME = AccentColor;
				CODE_SIGN_STYLE = Automatic;
				CURRENT_PROJECT_VERSION = 1;
				DEVELOPMENT_ASSET_PATHS = "\"snack-matching/Preview Content\"";
				DEVELOPMENT_TEAM = 9UV8DWMP99;
				ENABLE_PREVIEWS = YES;
				GENERATE_INFOPLIST_FILE = YES;
				INFOPLIST_KEY_UIApplicationSceneManifest_Generation = YES;
				INFOPLIST_KEY_UIApplicationSupportsIndirectInputEvents = YES;
				INFOPLIST_KEY_UILaunchScreen_Generation = YES;
				INFOPLIST_KEY_UISupportedInterfaceOrientations_iPad = "UIInterfaceOrientationPortrait UIInterfaceOrientationPortraitUpsideDown UIInterfaceOrientationLandscapeLeft UIInterfaceOrientationLandscapeRight";
				INFOPLIST_KEY_UISupportedInterfaceOrientations_iPhone = "UIInterfaceOrientationPortrait UIInterfaceOrientationLandscapeLeft UIInterfaceOrientationLandscapeRight";
				IPHONEOS_DEPLOYMENT_TARGET = 16.1;
				LD_RUNPATH_SEARCH_PATHS = (
					"$(inherited)",
					"@executable_path/Frameworks",
				);
				MARKETING_VERSION = 1.0;
				PRODUCT_BUNDLE_IDENTIFIER = "com.akito.snack-matching";
				PRODUCT_NAME = "$(TARGET_NAME)";
				SWIFT_EMIT_LOC_STRINGS = YES;
				SWIFT_VERSION = 5.0;
				TARGETED_DEVICE_FAMILY = "1,2";
			};
			name = Release;
		};
/* End XCBuildConfiguration section */

/* Begin XCConfigurationList section */
		08588B3B298CFE09003E62B7 /* Build configuration list for PBXProject "snack-matching" */ = {
			isa = XCConfigurationList;
			buildConfigurations = (
				08588B4C298CFE0B003E62B7 /* Debug */,
				08588B4D298CFE0B003E62B7 /* Release */,
			);
			defaultConfigurationIsVisible = 0;
			defaultConfigurationName = Release;
		};
		08588B4E298CFE0B003E62B7 /* Build configuration list for PBXNativeTarget "snack-matching" */ = {
			isa = XCConfigurationList;
			buildConfigurations = (
				08588B4F298CFE0B003E62B7 /* Debug */,
				08588B50298CFE0B003E62B7 /* Release */,
			);
			defaultConfigurationIsVisible = 0;
			defaultConfigurationName = Release;
		};
/* End XCConfigurationList section */
	};
	rootObject = 08588B38298CFE09003E62B7 /* Project object */;
}
